
Microsoft Visual Studio Solution File, Format Version 12.00
# Visual Studio Version 17
VisualStudioVersion = 17.11.35327.3
MinimumVisualStudioVersion = 10.0.40219.1
Project("{FAE04EC0-301F-11D3-BF4B-00C04F79EFBC}") = "KutuphaneYonetimSistemi", "KutuphaneYonetimSistemi\KutuphaneYonetimSistemi.csproj", "{55804EE7-4C8B-4839-878E-C415797102E5}"
EndProject
Global
	GlobalSection(SolutionConfigurationPlatforms) = preSolution
		Debug|Any CPU = Debug|Any CPU
		Release|Any CPU = Release|Any CPU
	EndGlobalSection
	GlobalSection(ProjectConfigurationPlatforms) = postSolution
		{55804EE7-4C8B-4839-878E-C415797102E5}.Debug|Any CPU.ActiveCfg = Debug|Any CPU
		{55804EE7-4C8B-4839-878E-C415797102E5}.Debug|Any CPU.Build.0 = Debug|Any CPU
		{55804EE7-4C8B-4839-878E-C415797102E5}.Release|Any CPU.ActiveCfg = Release|Any CPU
		{55804EE7-4C8B-4839-878E-C415797102E5}.Release|Any CPU.Build.0 = Release|Any CPU
	EndGlobalSection
	GlobalSection(SolutionProperties) = preSolution
		HideSolutionNode = FALSE
	EndGlobalSection
	GlobalSection(ExtensibilityGlobals) = postSolution
		SolutionGuid = {395D0AAD-D70C-4D45-BBD5-C00028AC1AB2}
	EndGlobalSection
EndGlobal
